
Microsoft Visual Studio Solution File, Format Version 12.00
# Visual Studio Version 17
VisualStudioVersion = 17.0.31903.59
MinimumVisualStudioVersion = 10.0.40219.1
Project("{FAE04EC0-301F-11D3-BF4B-00C04F79EFBC}") = "probaX", "probaX.csproj", "{EBBB55FB-B2FE-4B0D-9B6B-AF69C81ABBDC}"
EndProject
Global
	GlobalSection(SolutionConfigurationPlatforms) = preSolution
		Debug|Any CPU = Debug|Any CPU
		Release|Any CPU = Release|Any CPU
	EndGlobalSection
	GlobalSection(SolutionProperties) = preSolution
		HideSolutionNode = FALSE
	EndGlobalSection
	GlobalSection(ProjectConfigurationPlatforms) = postSolution
		{EBBB55FB-B2FE-4B0D-9B6B-AF69C81ABBDC}.Debug|Any CPU.ActiveCfg = Debug|Any CPU
		{EBBB55FB-B2FE-4B0D-9B6B-AF69C81ABBDC}.Debug|Any CPU.Build.0 = Debug|Any CPU
		{EBBB55FB-B2FE-4B0D-9B6B-AF69C81ABBDC}.Release|Any CPU.ActiveCfg = Release|Any CPU
		{EBBB55FB-B2FE-4B0D-9B6B-AF69C81ABBDC}.Release|Any CPU.Build.0 = Release|Any CPU
	EndGlobalSection
EndGlobal
